
Microsoft Visual Studio Solution File, Format Version 12.00
# Visual Studio Version 16
VisualStudioVersion = 16.0.30621.155
MinimumVisualStudioVersion = 10.0.40219.1
Project("{FAE04EC0-301F-11D3-BF4B-00C04F79EFBC}") = "coreapp1", "coreapp1\coreapp1.csproj", "{8E74B1BD-B913-4447-A278-5A6903823904}"
EndProject
Global
	GlobalSection(SolutionConfigurationPlatforms) = preSolution
		Debug|Any CPU = Debug|Any CPU
		Release|Any CPU = Release|Any CPU
	EndGlobalSection
	GlobalSection(ProjectConfigurationPlatforms) = postSolution
		{8E74B1BD-B913-4447-A278-5A6903823904}.Debug|Any CPU.ActiveCfg = Debug|Any CPU
		{8E74B1BD-B913-4447-A278-5A6903823904}.Debug|Any CPU.Build.0 = Debug|Any CPU
		{8E74B1BD-B913-4447-A278-5A6903823904}.Release|Any CPU.ActiveCfg = Release|Any CPU
		{8E74B1BD-B913-4447-A278-5A6903823904}.Release|Any CPU.Build.0 = Release|Any CPU
	EndGlobalSection
	GlobalSection(SolutionProperties) = preSolution
		HideSolutionNode = FALSE
	EndGlobalSection
	GlobalSection(ExtensibilityGlobals) = postSolution
		SolutionGuid = {56070EAC-EBF7-4A54-8030-77D3F581E480}
	EndGlobalSection
EndGlobal
